
Microsoft Visual Studio Solution File, Format Version 12.00
# Visual Studio 15
VisualStudioVersion = 15.0.27428.2037
MinimumVisualStudioVersion = 10.0.40219.1
Project("{FAE04EC0-301F-11D3-BF4B-00C04F79EFBC}") = "GitApp", "GitApp\GitApp.csproj", "{AA24BF61-BF87-4DE3-A0EA-7AFA526E5BD3}"
EndProject
Global
	GlobalSection(SolutionConfigurationPlatforms) = preSolution
		Debug|Any CPU = Debug|Any CPU
		Release|Any CPU = Release|Any CPU
	EndGlobalSection
	GlobalSection(ProjectConfigurationPlatforms) = postSolution
		{AA24BF61-BF87-4DE3-A0EA-7AFA526E5BD3}.Debug|Any CPU.ActiveCfg = Debug|Any CPU
		{AA24BF61-BF87-4DE3-A0EA-7AFA526E5BD3}.Debug|Any CPU.Build.0 = Debug|Any CPU
		{AA24BF61-BF87-4DE3-A0EA-7AFA526E5BD3}.Release|Any CPU.ActiveCfg = Release|Any CPU
		{AA24BF61-BF87-4DE3-A0EA-7AFA526E5BD3}.Release|Any CPU.Build.0 = Release|Any CPU
	EndGlobalSection
	GlobalSection(SolutionProperties) = preSolution
		HideSolutionNode = FALSE
	EndGlobalSection
	GlobalSection(ExtensibilityGlobals) = postSolution
		SolutionGuid = {4E8E78E0-99F1-47C7-B059-8EB09D5DB62B}
	EndGlobalSection
EndGlobal
